
Microsoft Visual Studio Solution File, Format Version 12.00
# Visual Studio Version 17
VisualStudioVersion = 17.14.37628.2 d17.14
MinimumVisualStudioVersion = 10.0.40219.1
Project("{FAE04EC0-301F-11D3-BF4B-00C04F79EFBC}") = "QuanLyThuVien", "QuanLyThuVien\QuanLyThuVien.csproj", "{80C37832-11A4-4BB6-8801-36FB0AE83AED}"
EndProject
Global
	GlobalSection(SolutionConfigurationPlatforms) = preSolution
		Debug|Any CPU = Debug|Any CPU
		Release|Any CPU = Release|Any CPU
	EndGlobalSection
	GlobalSection(ProjectConfigurationPlatforms) = postSolution
		{80C37832-11A4-4BB6-8801-36FB0AE83AED}.Debug|Any CPU.ActiveCfg = Debug|Any CPU
		{80C37832-11A4-4BB6-8801-36FB0AE83AED}.Debug|Any CPU.Build.0 = Debug|Any CPU
		{80C37832-11A4-4BB6-8801-36FB0AE83AED}.Release|Any CPU.ActiveCfg = Release|Any CPU
		{80C37832-11A4-4BB6-8801-36FB0AE83AED}.Release|Any CPU.Build.0 = Release|Any CPU
	EndGlobalSection
	GlobalSection(SolutionProperties) = preSolution
		HideSolutionNode = FALSE
	EndGlobalSection
	GlobalSection(ExtensibilityGlobals) = postSolution
		SolutionGuid = {8EE6048B-9A8D-45CA-B5E7-0506AC0D8C9B}
	EndGlobalSection
EndGlobal
